// !$*UTF8*$!
{
	archiveVersion = 1;
	classes = {
	};
	objectVersion = 55;
	objects = {

/* Begin PBXBuildFile section */
		2C1673D52959D38A00C219D3 /* AppDelegate.swift in Sources */ = {isa = PBXBuildFile; fileRef = 2C1673D42959D38A00C219D3 /* AppDelegate.swift */; };
		2C1673D72959D38A00C219D3 /* SceneDelegate.swift in Sources */ = {isa = PBXBuildFile; fileRef = 2C1673D62959D38A00C219D3 /* SceneDelegate.swift */; };
		2C1673DE2959D38B00C219D3 /* Assets.xcassets in Resources */ = {isa = PBXBuildFile; fileRef = 2C1673DD2959D38B00C219D3 /* Assets.xcassets */; };
		2C1673E12959D38B00C219D3 /* LaunchScreen.storyboard in Resources */ = {isa = PBXBuildFile; fileRef = 2C1673DF2959D38B00C219D3 /* LaunchScreen.storyboard */; };
		2C1673E92959D56A00C219D3 /* UIViewController+.swift in Sources */ = {isa = PBXBuildFile; fileRef = 2C1673E82959D56A00C219D3 /* UIViewController+.swift */; };
		2C1673EB2959D60800C219D3 /* TabBarController.swift in Sources */ = {isa = PBXBuildFile; fileRef = 2C1673EA2959D60800C219D3 /* TabBarController.swift */; };
		2C1673EE2959D6BA00C219D3 /* HomeViewController.swift in Sources */ = {isa = PBXBuildFile; fileRef = 2C1673ED2959D6BA00C219D3 /* HomeViewController.swift */; };
		2C1673F12959D77900C219D3 /* SearchViewController.swift in Sources */ = {isa = PBXBuildFile; fileRef = 2C1673F02959D77900C219D3 /* SearchViewController.swift */; };
		2C1673F42959DECB00C219D3 /* CollectionViewController.swift in Sources */ = {isa = PBXBuildFile; fileRef = 2C1673F32959DECB00C219D3 /* CollectionViewController.swift */; };
		2C8BC0538164BE2B16EB5BBD /* Pods_YoutubeMusicWithCode.framework in Frameworks */ = {isa = PBXBuildFile; fileRef = 63ED6EC9A64506214D821AA9 /* Pods_YoutubeMusicWithCode.framework */; };
/* End PBXBuildFile section */

/* Begin PBXFileReference section */
		2C1673D12959D38A00C219D3 /* YoutubeMusicWithCode.app */ = {isa = PBXFileReference; explicitFileType = wrapper.application; includeInIndex = 0; path = YoutubeMusicWithCode.app; sourceTree = BUILT_PRODUCTS_DIR; };
		2C1673D42959D38A00C219D3 /* AppDelegate.swift */ = {isa = PBXFileReference; lastKnownFileType = sourcecode.swift; path = AppDelegate.swift; sourceTree = "<group>"; };
		2C1673D62959D38A00C219D3 /* SceneDelegate.swift */ = {isa = PBXFileReference; lastKnownFileType = sourcecode.swift; path = SceneDelegate.swift; sourceTree = "<group>"; };
		2C1673DD2959D38B00C219D3 /* Assets.xcassets */ = {isa = PBXFileReference; lastKnownFileType = folder.assetcatalog; path = Assets.xcassets; sourceTree = "<group>"; };
		2C1673E02959D38B00C219D3 /* Base */ = {isa = PBXFileReference; lastKnownFileType = file.storyboard; name = Base; path = Base.lproj/LaunchScreen.storyboard; sourceTree = "<group>"; };
		2C1673E22959D38B00C219D3 /* Info.plist */ = {isa = PBXFileReference; lastKnownFileType = text.plist.xml; path = Info.plist; sourceTree = "<group>"; };
		2C1673E82959D56A00C219D3 /* UIViewController+.swift */ = {isa = PBXFileReference; lastKnownFileType = sourcecode.swift; path = "UIViewController+.swift"; sourceTree = "<group>"; };
		2C1673EA2959D60800C219D3 /* TabBarController.swift */ = {isa = PBXFileReference; lastKnownFileType = sourcecode.swift; path = TabBarController.swift; sourceTree = "<group>"; };
		2C1673ED2959D6BA00C219D3 /* HomeViewController.swift */ = {isa = PBXFileReference; lastKnownFileType = sourcecode.swift; path = HomeViewController.swift; sourceTree = "<group>"; };
		2C1673F02959D77900C219D3 /* SearchViewController.swift */ = {isa = PBXFileReference; lastKnownFileType = sourcecode.swift; path = SearchViewController.swift; sourceTree = "<group>"; };
		2C1673F32959DECB00C219D3 /* CollectionViewController.swift */ = {isa = PBXFileReference; lastKnownFileType = sourcecode.swift; path = CollectionViewController.swift; sourceTree = "<group>"; };
		63ED6EC9A64506214D821AA9 /* Pods_YoutubeMusicWithCode.framework */ = {isa = PBXFileReference; explicitFileType = wrapper.framework; includeInIndex = 0; path = Pods_YoutubeMusicWithCode.framework; sourceTree = BUILT_PRODUCTS_DIR; };
		6E2A6D80E380CE99DCB948FC /* Pods-YoutubeMusicWithCode.release.xcconfig */ = {isa = PBXFileReference; includeInIndex = 1; lastKnownFileType = text.xcconfig; name = "Pods-YoutubeMusicWithCode.release.xcconfig"; path = "Target Support Files/Pods-YoutubeMusicWithCode/Pods-YoutubeMusicWithCode.release.xcconfig"; sourceTree = "<group>"; };
		F733450ED2EE3C4D4BC66742 /* Pods-YoutubeMusicWithCode.debug.xcconfig */ = {isa = PBXFileReference; includeInIndex = 1; lastKnownFileType = text.xcconfig; name = "Pods-YoutubeMusicWithCode.debug.xcconfig"; path = "Target Support Files/Pods-YoutubeMusicWithCode/Pods-YoutubeMusicWithCode.debug.xcconfig"; sourceTree = "<group>"; };
/* End PBXFileReference section */

/* Begin PBXFrameworksBuildPhase section */
		2C1673CE2959D38A00C219D3 /* Frameworks */ = {
			isa = PBXFrameworksBuildPhase;
			buildActionMask = 2147483647;
			files = (
				2C8BC0538164BE2B16EB5BBD /* Pods_YoutubeMusicWithCode.framework in Frameworks */,
			);
			runOnlyForDeploymentPostprocessing = 0;
		};
/* End PBXFrameworksBuildPhase section */

/* Begin PBXGroup section */
		2C1673C82959D38A00C219D3 = {
			isa = PBXGroup;
			children = (
				2C1673D32959D38A00C219D3 /* YoutubeMusicWithCode */,
				2C1673D22959D38A00C219D3 /* Products */,
				44E27F01DD0980CC1BE65977 /* Pods */,
				A956DDC841B53FA015C101D1 /* Frameworks */,
			);
			sourceTree = "<group>";
		};
		2C1673D22959D38A00C219D3 /* Products */ = {
			isa = PBXGroup;
			children = (
				2C1673D12959D38A00C219D3 /* YoutubeMusicWithCode.app */,
			);
			name = Products;
			sourceTree = "<group>";
		};
		2C1673D32959D38A00C219D3 /* YoutubeMusicWithCode */ = {
			isa = PBXGroup;
			children = (
				2C1673E82959D56A00C219D3 /* UIViewController+.swift */,
				2C1673D42959D38A00C219D3 /* AppDelegate.swift */,
				2C1673D62959D38A00C219D3 /* SceneDelegate.swift */,
				2C1673DD2959D38B00C219D3 /* Assets.xcassets */,
				2C1673DF2959D38B00C219D3 /* LaunchScreen.storyboard */,
				2C1673E22959D38B00C219D3 /* Info.plist */,
				2C1673EA2959D60800C219D3 /* TabBarController.swift */,
				2C1673EC2959D6A400C219D3 /* Home */,
				2C1673EF2959D75A00C219D3 /* Search */,
				2C1673F22959DEB500C219D3 /* Collection */,
			);
			path = YoutubeMusicWithCode;
			sourceTree = "<group>";
		};
		2C1673EC2959D6A400C219D3 /* Home */ = {
			isa = PBXGroup;
			children = (
				2C1673ED2959D6BA00C219D3 /* HomeViewController.swift */,
			);
			path = Home;
			sourceTree = "<group>";
		};
		2C1673EF2959D75A00C219D3 /* Search */ = {
			isa = PBXGroup;
			children = (
				2C1673F02959D77900C219D3 /* SearchViewController.swift */,
			);
			path = Search;
			sourceTree = "<group>";
		};
		2C1673F22959DEB500C219D3 /* Collection */ = {
			isa = PBXGroup;
			children = (
				2C1673F32959DECB00C219D3 /* CollectionViewController.swift */,
			);
			path = Collection;
			sourceTree = "<group>";
		};
		44E27F01DD0980CC1BE65977 /* Pods */ = {
			isa = PBXGroup;
			children = (
				F733450ED2EE3C4D4BC66742 /* Pods-YoutubeMusicWithCode.debug.xcconfig */,
				6E2A6D80E380CE99DCB948FC /* Pods-YoutubeMusicWithCode.release.xcconfig */,
			);
			path = Pods;
			sourceTree = "<group>";
		};
		A956DDC841B53FA015C101D1 /* Frameworks */ = {
			isa = PBXGroup;
			children = (
				63ED6EC9A64506214D821AA9 /* Pods_YoutubeMusicWithCode.framework */,
			);
			name = Frameworks;
			sourceTree = "<group>";
		};
/* End PBXGroup section */

/* Begin PBXNativeTarget section */
		2C1673D02959D38A00C219D3 /* YoutubeMusicWithCode */ = {
			isa = PBXNativeTarget;
			buildConfigurationList = 2C1673E52959D38B00C219D3 /* Build configuration list for PBXNativeTarget "YoutubeMusicWithCode" */;
			buildPhases = (
				9A99AEAF3EF238E5D4DC29BA /* [CP] Check Pods Manifest.lock */,
				2C1673CD2959D38A00C219D3 /* Sources */,
				2C1673CE2959D38A00C219D3 /* Frameworks */,
				2C1673CF2959D38A00C219D3 /* Resources */,
				FCE02976B59CB626922E1834 /* [CP] Embed Pods Frameworks */,
			);
			buildRules = (
			);
			dependencies = (
			);
			name = YoutubeMusicWithCode;
			productName = YoutubeMusicWithCode;
			productReference = 2C1673D12959D38A00C219D3 /* YoutubeMusicWithCode.app */;
			productType = "com.apple.product-type.application";
		};
/* End PBXNativeTarget section */

/* Begin PBXProject section */
		2C1673C92959D38A00C219D3 /* Project object */ = {
			isa = PBXProject;
			attributes = {
				BuildIndependentTargetsInParallel = 1;
				LastSwiftUpdateCheck = 1420;
				LastUpgradeCheck = 1420;
				TargetAttributes = {
					2C1673D02959D38A00C219D3 = {
						CreatedOnToolsVersion = 14.2;
					};
				};
			};
			buildConfigurationList = 2C1673CC2959D38A00C219D3 /* Build configuration list for PBXProject "YoutubeMusicWithCode" */;
			compatibilityVersion = "Xcode 13.0";
			developmentRegion = en;
			hasScannedForEncodings = 0;
			knownRegions = (
				en,
				Base,
			);
			mainGroup = 2C1673C82959D38A00C219D3;
			productRefGroup = 2C1673D22959D38A00C219D3 /* Products */;
			projectDirPath = "";
			projectRoot = "";
			targets = (
				2C1673D02959D38A00C219D3 /* YoutubeMusicWithCode */,
			);
		};
/* End PBXProject section */

/* Begin PBXResourcesBuildPhase section */
		2C1673CF2959D38A00C219D3 /* Resources */ = {
			isa = PBXResourcesBuildPhase;
			buildActionMask = 2147483647;
			files = (
				2C1673E12959D38B00C219D3 /* LaunchScreen.storyboard in Resources */,
				2C1673DE2959D38B00C219D3 /* Assets.xcassets in Resources */,
			);
			runOnlyForDeploymentPostprocessing = 0;
		};
/* End PBXResourcesBuildPhase section */

/* Begin PBXShellScriptBuildPhase section */
		9A99AEAF3EF238E5D4DC29BA /* [CP] Check Pods Manifest.lock */ = {
			isa = PBXShellScriptBuildPhase;
			buildActionMask = 2147483647;
			files = (
			);
			inputFileListPaths = (
			);
			inputPaths = (
				"${PODS_PODFILE_DIR_PATH}/Podfile.lock",
				"${PODS_ROOT}/Manifest.lock",
			);
			name = "[CP] Check Pods Manifest.lock";
			outputFileListPaths = (
			);
			outputPaths = (
				"$(DERIVED_FILE_DIR)/Pods-YoutubeMusicWithCode-checkManifestLockResult.txt",
			);
			runOnlyForDeploymentPostprocessing = 0;
			shellPath = /bin/sh;
			shellScript = "diff \"${PODS_PODFILE_DIR_PATH}/Podfile.lock\" \"${PODS_ROOT}/Manifest.lock\" > /dev/null\nif [ $? != 0 ] ; then\n    # print error to STDERR\n    echo \"error: The sandbox is not in sync with the Podfile.lock. Run 'pod install' or update your CocoaPods installation.\" >&2\n    exit 1\nfi\n# This output is used by Xcode 'outputs' to avoid re-running this script phase.\necho \"SUCCESS\" > \"${SCRIPT_OUTPUT_FILE_0}\"\n";
			showEnvVarsInLog = 0;
		};
		FCE02976B59CB626922E1834 /* [CP] Embed Pods Frameworks */ = {
			isa = PBXShellScriptBuildPhase;
			buildActionMask = 2147483647;
			files = (
			);
			inputFileListPaths = (
				"${PODS_ROOT}/Target Support Files/Pods-YoutubeMusicWithCode/Pods-YoutubeMusicWithCode-frameworks-${CONFIGURATION}-input-files.xcfilelist",
			);
			name = "[CP] Embed Pods Frameworks";
			outputFileListPaths = (
				"${PODS_ROOT}/Target Support Files/Pods-YoutubeMusicWithCode/Pods-YoutubeMusicWithCode-frameworks-${CONFIGURATION}-output-files.xcfilelist",
			);
			runOnlyForDeploymentPostprocessing = 0;
			shellPath = /bin/sh;
			shellScript = "\"${PODS_ROOT}/Target Support Files/Pods-YoutubeMusicWithCode/Pods-YoutubeMusicWithCode-frameworks.sh\"\n";
			showEnvVarsInLog = 0;
		};
/* End PBXShellScriptBuildPhase section */

/* Begin PBXSourcesBuildPhase section */
		2C1673CD2959D38A00C219D3 /* Sources */ = {
			isa = PBXSourcesBuildPhase;
			buildActionMask = 2147483647;
			files = (
				2C1673F12959D77900C219D3 /* SearchViewController.swift in Sources */,
				2C1673EE2959D6BA00C219D3 /* HomeViewController.swift in Sources */,
				2C1673D52959D38A00C219D3 /* AppDelegate.swift in Sources */,
				2C1673E92959D56A00C219D3 /* UIViewController+.swift in Sources */,
				2C1673F42959DECB00C219D3 /* CollectionViewController.swift in Sources */,
				2C1673EB2959D60800C219D3 /* TabBarController.swift in Sources */,
				2C1673D72959D38A00C219D3 /* SceneDelegate.swift in Sources */,
			);
			runOnlyForDeploymentPostprocessing = 0;
		};
/* End PBXSourcesBuildPhase section */

/* Begin PBXVariantGroup section */
		2C1673DF2959D38B00C219D3 /* LaunchScreen.storyboard */ = {
			isa = PBXVariantGroup;
			children = (
				2C1673E02959D38B00C219D3 /* Base */,
			);
			name = LaunchScreen.storyboard;
			sourceTree = "<group>";
		};
/* End PBXVariantGroup section */

/* Begin XCBuildConfiguration section */
		2C1673E32959D38B00C219D3 /* Debug */ = {
			isa = XCBuildConfiguration;
			buildSettings = {
				ALWAYS_SEARCH_USER_PATHS = NO;
				CLANG_ANALYZER_NONNULL = YES;
				CLANG_ANALYZER_NUMBER_OBJECT_CONVERSION = YES_AGGRESSIVE;
				CLANG_CXX_LANGUAGE_STANDARD = "gnu++20";
				CLANG_ENABLE_MODULES = YES;
				CLANG_ENABLE_OBJC_ARC = YES;
				CLANG_ENABLE_OBJC_WEAK = YES;
				CLANG_WARN_BLOCK_CAPTURE_AUTORELEASING = YES;
				CLANG_WARN_BOOL_CONVERSION = YES;
				CLANG_WARN_COMMA = YES;
				CLANG_WARN_CONSTANT_CONVERSION = YES;
				CLANG_WARN_DEPRECATED_OBJC_IMPLEMENTATIONS = YES;
				CLANG_WARN_DIRECT_OBJC_ISA_USAGE = YES_ERROR;
				CLANG_WARN_DOCUMENTATION_COMMENTS = YES;
				CLANG_WARN_EMPTY_BODY = YES;
				CLANG_WARN_ENUM_CONVERSION = YES;
				CLANG_WARN_INFINITE_RECURSION = YES;
				CLANG_WARN_INT_CONVERSION = YES;
				CLANG_WARN_NON_LITERAL_NULL_CONVERSION = YES;
				CLANG_WARN_OBJC_IMPLICIT_RETAIN_SELF = YES;
				CLANG_WARN_OBJC_LITERAL_CONVERSION = YES;
				CLANG_WARN_OBJC_ROOT_CLASS = YES_ERROR;
				CLANG_WARN_QUOTED_INCLUDE_IN_FRAMEWORK_HEADER = YES;
				CLANG_WARN_RANGE_LOOP_ANALYSIS = YES;
				CLANG_WARN_STRICT_PROTOTYPES = YES;
				CLANG_WARN_SUSPICIOUS_MOVE = YES;
				CLANG_WARN_UNGUARDED_AVAILABILITY = YES_AGGRESSIVE;
				CLANG_WARN_UNREACHABLE_CODE = YES;
				CLANG_WARN__DUPLICATE_METHOD_MATCH = YES;
				COPY_PHASE_STRIP = NO;
				DEBUG_INFORMATION_FORMAT = dwarf;
				ENABLE_STRICT_OBJC_MSGSEND = YES;
				ENABLE_TESTABILITY = YES;
				GCC_C_LANGUAGE_STANDARD = gnu11;
				GCC_DYNAMIC_NO_PIC = NO;
				GCC_NO_COMMON_BLOCKS = YES;
				GCC_OPTIMIZATION_LEVEL = 0;
				GCC_PREPROCESSOR_DEFINITIONS = (
					"DEBUG=1",
					"$(inherited)",
				);
				GCC_WARN_64_TO_32_BIT_CONVERSION = YES;
				GCC_WARN_ABOUT_RETURN_TYPE = YES_ERROR;
				GCC_WARN_UNDECLARED_SELECTOR = YES;
				GCC_WARN_UNINITIALIZED_AUTOS = YES_AGGRESSIVE;
				GCC_WARN_UNUSED_FUNCTION = YES;
				GCC_WARN_UNUSED_VARIABLE = YES;
				IPHONEOS_DEPLOYMENT_TARGET = 16.2;
				MTL_ENABLE_DEBUG_INFO = INCLUDE_SOURCE;
				MTL_FAST_MATH = YES;
				ONLY_ACTIVE_ARCH = YES;
				SDKROOT = iphoneos;
				SWIFT_ACTIVE_COMPILATION_CONDITIONS = DEBUG;
				SWIFT_OPTIMIZATION_LEVEL = "-Onone";
			};
			name = Debug;
		};
		2C1673E42959D38B00C219D3 /* Release */ = {
			isa = XCBuildConfiguration;
			buildSettings = {
				ALWAYS_SEARCH_USER_PATHS = NO;
				CLANG_ANALYZER_NONNULL = YES;
				CLANG_ANALYZER_NUMBER_OBJECT_CONVERSION = YES_AGGRESSIVE;
				CLANG_CXX_LANGUAGE_STANDARD = "gnu++20";
				CLANG_ENABLE_MODULES = YES;
				CLANG_ENABLE_OBJC_ARC = YES;
				CLANG_ENABLE_OBJC_WEAK = YES;
				CLANG_WARN_BLOCK_CAPTURE_AUTORELEASING = YES;
				CLANG_WARN_BOOL_CONVERSION = YES;
				CLANG_WARN_COMMA = YES;
				CLANG_WARN_CONSTANT_CONVERSION = YES;
				CLANG_WARN_DEPRECATED_OBJC_IMPLEMENTATIONS = YES;
				CLANG_WARN_DIRECT_OBJC_ISA_USAGE = YES_ERROR;
				CLANG_WARN_DOCUMENTATION_COMMENTS = YES;
				CLANG_WARN_EMPTY_BODY = YES;
				CLANG_WARN_ENUM_CONVERSION = YES;
				CLANG_WARN_INFINITE_RECURSION = YES;
				CLANG_WARN_INT_CONVERSION = YES;
				CLANG_WARN_NON_LITERAL_NULL_CONVERSION = YES;
				CLANG_WARN_OBJC_IMPLICIT_RETAIN_SELF = YES;
				CLANG_WARN_OBJC_LITERAL_CONVERSION = YES;
				CLANG_WARN_OBJC_ROOT_CLASS = YES_ERROR;
				CLANG_WARN_QUOTED_INCLUDE_IN_FRAMEWORK_HEADER = YES;
				CLANG_WARN_RANGE_LOOP_ANALYSIS = YES;
				CLANG_WARN_STRICT_PROTOTYPES = YES;
				CLANG_WARN_SUSPICIOUS_MOVE = YES;
				CLANG_WARN_UNGUARDED_AVAILABILITY = YES_AGGRESSIVE;
				CLANG_WARN_UNREACHABLE_CODE = YES;
				CLANG_WARN__DUPLICATE_METHOD_MATCH = YES;
				COPY_PHASE_STRIP = NO;
				DEBUG_INFORMATION_FORMAT = "dwarf-with-dsym";
				ENABLE_NS_ASSERTIONS = NO;
				ENABLE_STRICT_OBJC_MSGSEND = YES;
				GCC_C_LANGUAGE_STANDARD = gnu11;
				GCC_NO_COMMON_BLOCKS = YES;
				GCC_WARN_64_TO_32_BIT_CONVERSION = YES;
				GCC_WARN_ABOUT_RETURN_TYPE = YES_ERROR;
				GCC_WARN_UNDECLARED_SELECTOR = YES;
				GCC_WARN_UNINITIALIZED_AUTOS = YES_AGGRESSIVE;
				GCC_WARN_UNUSED_FUNCTION = YES;
				GCC_WARN_UNUSED_VARIABLE = YES;
				IPHONEOS_DEPLOYMENT_TARGET = 16.2;
				MTL_ENABLE_DEBUG_INFO = NO;
				MTL_FAST_MATH = YES;
				SDKROOT = iphoneos;
				SWIFT_COMPILATION_MODE = wholemodule;
				SWIFT_OPTIMIZATION_LEVEL = "-O";
				VALIDATE_PRODUCT = YES;
			};
			name = Release;
		};
		2C1673E62959D38B00C219D3 /* Debug */ = {
			isa = XCBuildConfiguration;
			baseConfigurationReference = F733450ED2EE3C4D4BC66742 /* Pods-YoutubeMusicWithCode.debug.xcconfig */;
			buildSettings = {
				ASSETCATALOG_COMPILER_APPICON_NAME = AppIcon;
				ASSETCATALOG_COMPILER_GLOBAL_ACCENT_COLOR_NAME = AccentColor;
				CODE_SIGN_STYLE = Automatic;
				CURRENT_PROJECT_VERSION = 1;
				DEVELOPMENT_TEAM = FKL5LCYWBF;
				GENERATE_INFOPLIST_FILE = YES;
				INFOPLIST_FILE = YoutubeMusicWithCode/Info.plist;
				INFOPLIST_KEY_UIApplicationSupportsIndirectInputEvents = YES;
				INFOPLIST_KEY_UILaunchStoryboardName = LaunchScreen;
				INFOPLIST_KEY_UISupportedInterfaceOrientations_iPad = "UIInterfaceOrientationPortrait UIInterfaceOrientationPortraitUpsideDown UIInterfaceOrientationLandscapeLeft UIInterfaceOrientationLandscapeRight";
				INFOPLIST_KEY_UISupportedInterfaceOrientations_iPhone = "UIInterfaceOrientationPortrait UIInterfaceOrientationLandscapeLeft UIInterfaceOrientationLandscapeRight";
				LD_RUNPATH_SEARCH_PATHS = (
					"$(inherited)",
					"@executable_path/Frameworks",
				);
				MARKETING_VERSION = 1.0;
				PRODUCT_BUNDLE_IDENTIFIER = com.iHyunWoo.YoutubeMusicWithCode;
				PRODUCT_NAME = "$(TARGET_NAME)";
				SWIFT_EMIT_LOC_STRINGS = YES;
				SWIFT_VERSION = 5.0;
				TARGETED_DEVICE_FAMILY = "1,2";
			};
			name = Debug;
		};
		2C1673E72959D38B00C219D3 /* Release */ = {
			isa = XCBuildConfiguration;
			baseConfigurationReference = 6E2A6D80E380CE99DCB948FC /* Pods-YoutubeMusicWithCode.release.xcconfig */;
			buildSettings = {
				ASSETCATALOG_COMPILER_APPICON_NAME = AppIcon;
				ASSETCATALOG_COMPILER_GLOBAL_ACCENT_COLOR_NAME = AccentColor;
				CODE_SIGN_STYLE = Automatic;
				CURRENT_PROJECT_VERSION = 1;
				DEVELOPMENT_TEAM = FKL5LCYWBF;
				GENERATE_INFOPLIST_FILE = YES;
				INFOPLIST_FILE = YoutubeMusicWithCode/Info.plist;
				INFOPLIST_KEY_UIApplicationSupportsIndirectInputEvents = YES;
				INFOPLIST_KEY_UILaunchStoryboardName = LaunchScreen;
				INFOPLIST_KEY_UISupportedInterfaceOrientations_iPad = "UIInterfaceOrientationPortrait UIInterfaceOrientationPortraitUpsideDown UIInterfaceOrientationLandscapeLeft UIInterfaceOrientationLandscapeRight";
				INFOPLIST_KEY_UISupportedInterfaceOrientations_iPhone = "UIInterfaceOrientationPortrait UIInterfaceOrientationLandscapeLeft UIInterfaceOrientationLandscapeRight";
				LD_RUNPATH_SEARCH_PATHS = (
					"$(inherited)",
					"@executable_path/Frameworks",
				);
				MARKETING_VERSION = 1.0;
				PRODUCT_BUNDLE_IDENTIFIER = com.iHyunWoo.YoutubeMusicWithCode;
				PRODUCT_NAME = "$(TARGET_NAME)";
				SWIFT_EMIT_LOC_STRINGS = YES;
				SWIFT_VERSION = 5.0;
				TARGETED_DEVICE_FAMILY = "1,2";
			};
			name = Release;
		};
/* End XCBuildConfiguration section */

/* Begin XCConfigurationList section */
		2C1673CC2959D38A00C219D3 /* Build configuration list for PBXProject "YoutubeMusicWithCode" */ = {
			isa = XCConfigurationList;
			buildConfigurations = (
				2C1673E32959D38B00C219D3 /* Debug */,
				2C1673E42959D38B00C219D3 /* Release */,
			);
			defaultConfigurationIsVisible = 0;
			defaultConfigurationName = Release;
		};
		2C1673E52959D38B00C219D3 /* Build configuration list for PBXNativeTarget "YoutubeMusicWithCode" */ = {
			isa = XCConfigurationList;
			buildConfigurations = (
				2C1673E62959D38B00C219D3 /* Debug */,
				2C1673E72959D38B00C219D3 /* Release */,
			);
			defaultConfigurationIsVisible = 0;
			defaultConfigurationName = Release;
		};
/* End XCConfigurationList section */
	};
	rootObject = 2C1673C92959D38A00C219D3 /* Project object */;
}
