// !$*UTF8*$!
{
	archiveVersion = 1;
	classes = {
	};
	objectVersion = 56;
	objects = {

/* Begin PBXBuildFile section */
		2CE07D4B2949FCE3009001D4 /* AppDelegate.swift in Sources */ = {isa = PBXBuildFile; fileRef = 2CE07D4A2949FCE3009001D4 /* AppDelegate.swift */; };
		2CE07D4D2949FCE3009001D4 /* SceneDelegate.swift in Sources */ = {isa = PBXBuildFile; fileRef = 2CE07D4C2949FCE3009001D4 /* SceneDelegate.swift */; };
		2CE07D4F2949FCE3009001D4 /* ViewController.swift in Sources */ = {isa = PBXBuildFile; fileRef = 2CE07D4E2949FCE3009001D4 /* ViewController.swift */; };
		2CE07D522949FCE3009001D4 /* Main.storyboard in Resources */ = {isa = PBXBuildFile; fileRef = 2CE07D502949FCE3009001D4 /* Main.storyboard */; };
		2CE07D542949FCE4009001D4 /* Assets.xcassets in Resources */ = {isa = PBXBuildFile; fileRef = 2CE07D532949FCE4009001D4 /* Assets.xcassets */; };
		2CE07D572949FCE4009001D4 /* LaunchScreen.storyboard in Resources */ = {isa = PBXBuildFile; fileRef = 2CE07D552949FCE4009001D4 /* LaunchScreen.storyboard */; };
		2CE07D602949FEB0009001D4 /* TitleTableViewCell.swift in Sources */ = {isa = PBXBuildFile; fileRef = 2CE07D5E2949FEB0009001D4 /* TitleTableViewCell.swift */; };
		2CE07D612949FEB0009001D4 /* TitleTableViewCell.xib in Resources */ = {isa = PBXBuildFile; fileRef = 2CE07D5F2949FEB0009001D4 /* TitleTableViewCell.xib */; };
		2CE07D642949FEC5009001D4 /* ContentTableViewCell.swift in Sources */ = {isa = PBXBuildFile; fileRef = 2CE07D622949FEC5009001D4 /* ContentTableViewCell.swift */; };
		2CE07D652949FEC5009001D4 /* ContentTableViewCell.xib in Resources */ = {isa = PBXBuildFile; fileRef = 2CE07D632949FEC5009001D4 /* ContentTableViewCell.xib */; };
		2CE07D68294A132E009001D4 /* TitleDataModel.swift in Sources */ = {isa = PBXBuildFile; fileRef = 2CE07D67294A132E009001D4 /* TitleDataModel.swift */; };
/* End PBXBuildFile section */

/* Begin PBXFileReference section */
		2CE07D472949FCE3009001D4 /* AccordionUI.app */ = {isa = PBXFileReference; explicitFileType = wrapper.application; includeInIndex = 0; path = AccordionUI.app; sourceTree = BUILT_PRODUCTS_DIR; };
		2CE07D4A2949FCE3009001D4 /* AppDelegate.swift */ = {isa = PBXFileReference; lastKnownFileType = sourcecode.swift; path = AppDelegate.swift; sourceTree = "<group>"; };
		2CE07D4C2949FCE3009001D4 /* SceneDelegate.swift */ = {isa = PBXFileReference; lastKnownFileType = sourcecode.swift; path = SceneDelegate.swift; sourceTree = "<group>"; };
		2CE07D4E2949FCE3009001D4 /* ViewController.swift */ = {isa = PBXFileReference; lastKnownFileType = sourcecode.swift; path = ViewController.swift; sourceTree = "<group>"; };
		2CE07D512949FCE3009001D4 /* Base */ = {isa = PBXFileReference; lastKnownFileType = file.storyboard; name = Base; path = Base.lproj/Main.storyboard; sourceTree = "<group>"; };
		2CE07D532949FCE4009001D4 /* Assets.xcassets */ = {isa = PBXFileReference; lastKnownFileType = folder.assetcatalog; path = Assets.xcassets; sourceTree = "<group>"; };
		2CE07D562949FCE4009001D4 /* Base */ = {isa = PBXFileReference; lastKnownFileType = file.storyboard; name = Base; path = Base.lproj/LaunchScreen.storyboard; sourceTree = "<group>"; };
		2CE07D582949FCE4009001D4 /* Info.plist */ = {isa = PBXFileReference; lastKnownFileType = text.plist.xml; path = Info.plist; sourceTree = "<group>"; };
		2CE07D5E2949FEB0009001D4 /* TitleTableViewCell.swift */ = {isa = PBXFileReference; lastKnownFileType = sourcecode.swift; path = TitleTableViewCell.swift; sourceTree = "<group>"; };
		2CE07D5F2949FEB0009001D4 /* TitleTableViewCell.xib */ = {isa = PBXFileReference; lastKnownFileType = file.xib; path = TitleTableViewCell.xib; sourceTree = "<group>"; };
		2CE07D622949FEC5009001D4 /* ContentTableViewCell.swift */ = {isa = PBXFileReference; lastKnownFileType = sourcecode.swift; path = ContentTableViewCell.swift; sourceTree = "<group>"; };
		2CE07D632949FEC5009001D4 /* ContentTableViewCell.xib */ = {isa = PBXFileReference; lastKnownFileType = file.xib; path = ContentTableViewCell.xib; sourceTree = "<group>"; };
		2CE07D67294A132E009001D4 /* TitleDataModel.swift */ = {isa = PBXFileReference; lastKnownFileType = sourcecode.swift; path = TitleDataModel.swift; sourceTree = "<group>"; };
/* End PBXFileReference section */

/* Begin PBXFrameworksBuildPhase section */
		2CE07D442949FCE3009001D4 /* Frameworks */ = {
			isa = PBXFrameworksBuildPhase;
			buildActionMask = 2147483647;
			files = (
			);
			runOnlyForDeploymentPostprocessing = 0;
		};
/* End PBXFrameworksBuildPhase section */

/* Begin PBXGroup section */
		2CE07D3E2949FCE3009001D4 = {
			isa = PBXGroup;
			children = (
				2CE07D492949FCE3009001D4 /* AccordionUI */,
				2CE07D482949FCE3009001D4 /* Products */,
			);
			sourceTree = "<group>";
		};
		2CE07D482949FCE3009001D4 /* Products */ = {
			isa = PBXGroup;
			children = (
				2CE07D472949FCE3009001D4 /* AccordionUI.app */,
			);
			name = Products;
			sourceTree = "<group>";
		};
		2CE07D492949FCE3009001D4 /* AccordionUI */ = {
			isa = PBXGroup;
			children = (
				2CE07D66294A1305009001D4 /* TableViewCell */,
				2CE07D4A2949FCE3009001D4 /* AppDelegate.swift */,
				2CE07D4C2949FCE3009001D4 /* SceneDelegate.swift */,
				2CE07D4E2949FCE3009001D4 /* ViewController.swift */,
				2CE07D502949FCE3009001D4 /* Main.storyboard */,
				2CE07D532949FCE4009001D4 /* Assets.xcassets */,
				2CE07D552949FCE4009001D4 /* LaunchScreen.storyboard */,
				2CE07D582949FCE4009001D4 /* Info.plist */,
				2CE07D67294A132E009001D4 /* TitleDataModel.swift */,
			);
			path = AccordionUI;
			sourceTree = "<group>";
		};
		2CE07D66294A1305009001D4 /* TableViewCell */ = {
			isa = PBXGroup;
			children = (
				2CE07D5E2949FEB0009001D4 /* TitleTableViewCell.swift */,
				2CE07D5F2949FEB0009001D4 /* TitleTableViewCell.xib */,
				2CE07D622949FEC5009001D4 /* ContentTableViewCell.swift */,
				2CE07D632949FEC5009001D4 /* ContentTableViewCell.xib */,
			);
			path = TableViewCell;
			sourceTree = "<group>";
		};
/* End PBXGroup section */

/* Begin PBXNativeTarget section */
		2CE07D462949FCE3009001D4 /* AccordionUI */ = {
			isa = PBXNativeTarget;
			buildConfigurationList = 2CE07D5B2949FCE4009001D4 /* Build configuration list for PBXNativeTarget "AccordionUI" */;
			buildPhases = (
				2CE07D432949FCE3009001D4 /* Sources */,
				2CE07D442949FCE3009001D4 /* Frameworks */,
				2CE07D452949FCE3009001D4 /* Resources */,
			);
			buildRules = (
			);
			dependencies = (
			);
			name = AccordionUI;
			productName = AccordionUI;
			productReference = 2CE07D472949FCE3009001D4 /* AccordionUI.app */;
			productType = "com.apple.product-type.application";
		};
/* End PBXNativeTarget section */

/* Begin PBXProject section */
		2CE07D3F2949FCE3009001D4 /* Project object */ = {
			isa = PBXProject;
			attributes = {
				BuildIndependentTargetsInParallel = 1;
				LastSwiftUpdateCheck = 1410;
				LastUpgradeCheck = 1410;
				TargetAttributes = {
					2CE07D462949FCE3009001D4 = {
						CreatedOnToolsVersion = 14.1;
					};
				};
			};
			buildConfigurationList = 2CE07D422949FCE3009001D4 /* Build configuration list for PBXProject "AccordionUI" */;
			compatibilityVersion = "Xcode 14.0";
			developmentRegion = en;
			hasScannedForEncodings = 0;
			knownRegions = (
				en,
				Base,
			);
			mainGroup = 2CE07D3E2949FCE3009001D4;
			productRefGroup = 2CE07D482949FCE3009001D4 /* Products */;
			projectDirPath = "";
			projectRoot = "";
			targets = (
				2CE07D462949FCE3009001D4 /* AccordionUI */,
			);
		};
/* End PBXProject section */

/* Begin PBXResourcesBuildPhase section */
		2CE07D452949FCE3009001D4 /* Resources */ = {
			isa = PBXResourcesBuildPhase;
			buildActionMask = 2147483647;
			files = (
				2CE07D612949FEB0009001D4 /* TitleTableViewCell.xib in Resources */,
				2CE07D572949FCE4009001D4 /* LaunchScreen.storyboard in Resources */,
				2CE07D542949FCE4009001D4 /* Assets.xcassets in Resources */,
				2CE07D522949FCE3009001D4 /* Main.storyboard in Resources */,
				2CE07D652949FEC5009001D4 /* ContentTableViewCell.xib in Resources */,
			);
			runOnlyForDeploymentPostprocessing = 0;
		};
/* End PBXResourcesBuildPhase section */

/* Begin PBXSourcesBuildPhase section */
		2CE07D432949FCE3009001D4 /* Sources */ = {
			isa = PBXSourcesBuildPhase;
			buildActionMask = 2147483647;
			files = (
				2CE07D602949FEB0009001D4 /* TitleTableViewCell.swift in Sources */,
				2CE07D4F2949FCE3009001D4 /* ViewController.swift in Sources */,
				2CE07D4B2949FCE3009001D4 /* AppDelegate.swift in Sources */,
				2CE07D4D2949FCE3009001D4 /* SceneDelegate.swift in Sources */,
				2CE07D68294A132E009001D4 /* TitleDataModel.swift in Sources */,
				2CE07D642949FEC5009001D4 /* ContentTableViewCell.swift in Sources */,
			);
			runOnlyForDeploymentPostprocessing = 0;
		};
/* End PBXSourcesBuildPhase section */

/* Begin PBXVariantGroup section */
		2CE07D502949FCE3009001D4 /* Main.storyboard */ = {
			isa = PBXVariantGroup;
			children = (
				2CE07D512949FCE3009001D4 /* Base */,
			);
			name = Main.storyboard;
			sourceTree = "<group>";
		};
		2CE07D552949FCE4009001D4 /* LaunchScreen.storyboard */ = {
			isa = PBXVariantGroup;
			children = (
				2CE07D562949FCE4009001D4 /* Base */,
			);
			name = LaunchScreen.storyboard;
			sourceTree = "<group>";
		};
/* End PBXVariantGroup section */

/* Begin XCBuildConfiguration section */
		2CE07D592949FCE4009001D4 /* Debug */ = {
			isa = XCBuildConfiguration;
			buildSettings = {
				ALWAYS_SEARCH_USER_PATHS = NO;
				CLANG_ANALYZER_NONNULL = YES;
				CLANG_ANALYZER_NUMBER_OBJECT_CONVERSION = YES_AGGRESSIVE;
				CLANG_CXX_LANGUAGE_STANDARD = "gnu++20";
				CLANG_ENABLE_MODULES = YES;
				CLANG_ENABLE_OBJC_ARC = YES;
				CLANG_ENABLE_OBJC_WEAK = YES;
				CLANG_WARN_BLOCK_CAPTURE_AUTORELEASING = YES;
				CLANG_WARN_BOOL_CONVERSION = YES;
				CLANG_WARN_COMMA = YES;
				CLANG_WARN_CONSTANT_CONVERSION = YES;
				CLANG_WARN_DEPRECATED_OBJC_IMPLEMENTATIONS = YES;
				CLANG_WARN_DIRECT_OBJC_ISA_USAGE = YES_ERROR;
				CLANG_WARN_DOCUMENTATION_COMMENTS = YES;
				CLANG_WARN_EMPTY_BODY = YES;
				CLANG_WARN_ENUM_CONVERSION = YES;
				CLANG_WARN_INFINITE_RECURSION = YES;
				CLANG_WARN_INT_CONVERSION = YES;
				CLANG_WARN_NON_LITERAL_NULL_CONVERSION = YES;
				CLANG_WARN_OBJC_IMPLICIT_RETAIN_SELF = YES;
				CLANG_WARN_OBJC_LITERAL_CONVERSION = YES;
				CLANG_WARN_OBJC_ROOT_CLASS = YES_ERROR;
				CLANG_WARN_QUOTED_INCLUDE_IN_FRAMEWORK_HEADER = YES;
				CLANG_WARN_RANGE_LOOP_ANALYSIS = YES;
				CLANG_WARN_STRICT_PROTOTYPES = YES;
				CLANG_WARN_SUSPICIOUS_MOVE = YES;
				CLANG_WARN_UNGUARDED_AVAILABILITY = YES_AGGRESSIVE;
				CLANG_WARN_UNREACHABLE_CODE = YES;
				CLANG_WARN__DUPLICATE_METHOD_MATCH = YES;
				COPY_PHASE_STRIP = NO;
				DEBUG_INFORMATION_FORMAT = dwarf;
				ENABLE_STRICT_OBJC_MSGSEND = YES;
				ENABLE_TESTABILITY = YES;
				GCC_C_LANGUAGE_STANDARD = gnu11;
				GCC_DYNAMIC_NO_PIC = NO;
				GCC_NO_COMMON_BLOCKS = YES;
				GCC_OPTIMIZATION_LEVEL = 0;
				GCC_PREPROCESSOR_DEFINITIONS = (
					"DEBUG=1",
					"$(inherited)",
				);
				GCC_WARN_64_TO_32_BIT_CONVERSION = YES;
				GCC_WARN_ABOUT_RETURN_TYPE = YES_ERROR;
				GCC_WARN_UNDECLARED_SELECTOR = YES;
				GCC_WARN_UNINITIALIZED_AUTOS = YES_AGGRESSIVE;
				GCC_WARN_UNUSED_FUNCTION = YES;
				GCC_WARN_UNUSED_VARIABLE = YES;
				IPHONEOS_DEPLOYMENT_TARGET = 16.1;
				MTL_ENABLE_DEBUG_INFO = INCLUDE_SOURCE;
				MTL_FAST_MATH = YES;
				ONLY_ACTIVE_ARCH = YES;
				SDKROOT = iphoneos;
				SWIFT_ACTIVE_COMPILATION_CONDITIONS = DEBUG;
				SWIFT_OPTIMIZATION_LEVEL = "-Onone";
			};
			name = Debug;
		};
		2CE07D5A2949FCE4009001D4 /* Release */ = {
			isa = XCBuildConfiguration;
			buildSettings = {
				ALWAYS_SEARCH_USER_PATHS = NO;
				CLANG_ANALYZER_NONNULL = YES;
				CLANG_ANALYZER_NUMBER_OBJECT_CONVERSION = YES_AGGRESSIVE;
				CLANG_CXX_LANGUAGE_STANDARD = "gnu++20";
				CLANG_ENABLE_MODULES = YES;
				CLANG_ENABLE_OBJC_ARC = YES;
				CLANG_ENABLE_OBJC_WEAK = YES;
				CLANG_WARN_BLOCK_CAPTURE_AUTORELEASING = YES;
				CLANG_WARN_BOOL_CONVERSION = YES;
				CLANG_WARN_COMMA = YES;
				CLANG_WARN_CONSTANT_CONVERSION = YES;
				CLANG_WARN_DEPRECATED_OBJC_IMPLEMENTATIONS = YES;
				CLANG_WARN_DIRECT_OBJC_ISA_USAGE = YES_ERROR;
				CLANG_WARN_DOCUMENTATION_COMMENTS = YES;
				CLANG_WARN_EMPTY_BODY = YES;
				CLANG_WARN_ENUM_CONVERSION = YES;
				CLANG_WARN_INFINITE_RECURSION = YES;
				CLANG_WARN_INT_CONVERSION = YES;
				CLANG_WARN_NON_LITERAL_NULL_CONVERSION = YES;
				CLANG_WARN_OBJC_IMPLICIT_RETAIN_SELF = YES;
				CLANG_WARN_OBJC_LITERAL_CONVERSION = YES;
				CLANG_WARN_OBJC_ROOT_CLASS = YES_ERROR;
				CLANG_WARN_QUOTED_INCLUDE_IN_FRAMEWORK_HEADER = YES;
				CLANG_WARN_RANGE_LOOP_ANALYSIS = YES;
				CLANG_WARN_STRICT_PROTOTYPES = YES;
				CLANG_WARN_SUSPICIOUS_MOVE = YES;
				CLANG_WARN_UNGUARDED_AVAILABILITY = YES_AGGRESSIVE;
				CLANG_WARN_UNREACHABLE_CODE = YES;
				CLANG_WARN__DUPLICATE_METHOD_MATCH = YES;
				COPY_PHASE_STRIP = NO;
				DEBUG_INFORMATION_FORMAT = "dwarf-with-dsym";
				ENABLE_NS_ASSERTIONS = NO;
				ENABLE_STRICT_OBJC_MSGSEND = YES;
				GCC_C_LANGUAGE_STANDARD = gnu11;
				GCC_NO_COMMON_BLOCKS = YES;
				GCC_WARN_64_TO_32_BIT_CONVERSION = YES;
				GCC_WARN_ABOUT_RETURN_TYPE = YES_ERROR;
				GCC_WARN_UNDECLARED_SELECTOR = YES;
				GCC_WARN_UNINITIALIZED_AUTOS = YES_AGGRESSIVE;
				GCC_WARN_UNUSED_FUNCTION = YES;
				GCC_WARN_UNUSED_VARIABLE = YES;
				IPHONEOS_DEPLOYMENT_TARGET = 16.1;
				MTL_ENABLE_DEBUG_INFO = NO;
				MTL_FAST_MATH = YES;
				SDKROOT = iphoneos;
				SWIFT_COMPILATION_MODE = wholemodule;
				SWIFT_OPTIMIZATION_LEVEL = "-O";
				VALIDATE_PRODUCT = YES;
			};
			name = Release;
		};
		2CE07D5C2949FCE4009001D4 /* Debug */ = {
			isa = XCBuildConfiguration;
			buildSettings = {
				ASSETCATALOG_COMPILER_APPICON_NAME = AppIcon;
				ASSETCATALOG_COMPILER_GLOBAL_ACCENT_COLOR_NAME = AccentColor;
				CODE_SIGN_STYLE = Automatic;
				CURRENT_PROJECT_VERSION = 1;
				DEVELOPMENT_TEAM = FKL5LCYWBF;
				GENERATE_INFOPLIST_FILE = YES;
				INFOPLIST_FILE = AccordionUI/Info.plist;
				INFOPLIST_KEY_UIApplicationSupportsIndirectInputEvents = YES;
				INFOPLIST_KEY_UILaunchStoryboardName = LaunchScreen;
				INFOPLIST_KEY_UIMainStoryboardFile = Main;
				INFOPLIST_KEY_UISupportedInterfaceOrientations_iPad = "UIInterfaceOrientationPortrait UIInterfaceOrientationPortraitUpsideDown UIInterfaceOrientationLandscapeLeft UIInterfaceOrientationLandscapeRight";
				INFOPLIST_KEY_UISupportedInterfaceOrientations_iPhone = "UIInterfaceOrientationPortrait UIInterfaceOrientationLandscapeLeft UIInterfaceOrientationLandscapeRight";
				LD_RUNPATH_SEARCH_PATHS = (
					"$(inherited)",
					"@executable_path/Frameworks",
				);
				MARKETING_VERSION = 1.0;
				PRODUCT_BUNDLE_IDENTIFIER = com.iHyunWoo.AccordionUI;
				PRODUCT_NAME = "$(TARGET_NAME)";
				SWIFT_EMIT_LOC_STRINGS = YES;
				SWIFT_VERSION = 5.0;
				TARGETED_DEVICE_FAMILY = "1,2";
			};
			name = Debug;
		};
		2CE07D5D2949FCE4009001D4 /* Release */ = {
			isa = XCBuildConfiguration;
			buildSettings = {
				ASSETCATALOG_COMPILER_APPICON_NAME = AppIcon;
				ASSETCATALOG_COMPILER_GLOBAL_ACCENT_COLOR_NAME = AccentColor;
				CODE_SIGN_STYLE = Automatic;
				CURRENT_PROJECT_VERSION = 1;
				DEVELOPMENT_TEAM = FKL5LCYWBF;
				GENERATE_INFOPLIST_FILE = YES;
				INFOPLIST_FILE = AccordionUI/Info.plist;
				INFOPLIST_KEY_UIApplicationSupportsIndirectInputEvents = YES;
				INFOPLIST_KEY_UILaunchStoryboardName = LaunchScreen;
				INFOPLIST_KEY_UIMainStoryboardFile = Main;
				INFOPLIST_KEY_UISupportedInterfaceOrientations_iPad = "UIInterfaceOrientationPortrait UIInterfaceOrientationPortraitUpsideDown UIInterfaceOrientationLandscapeLeft UIInterfaceOrientationLandscapeRight";
				INFOPLIST_KEY_UISupportedInterfaceOrientations_iPhone = "UIInterfaceOrientationPortrait UIInterfaceOrientationLandscapeLeft UIInterfaceOrientationLandscapeRight";
				LD_RUNPATH_SEARCH_PATHS = (
					"$(inherited)",
					"@executable_path/Frameworks",
				);
				MARKETING_VERSION = 1.0;
				PRODUCT_BUNDLE_IDENTIFIER = com.iHyunWoo.AccordionUI;
				PRODUCT_NAME = "$(TARGET_NAME)";
				SWIFT_EMIT_LOC_STRINGS = YES;
				SWIFT_VERSION = 5.0;
				TARGETED_DEVICE_FAMILY = "1,2";
			};
			name = Release;
		};
/* End XCBuildConfiguration section */

/* Begin XCConfigurationList section */
		2CE07D422949FCE3009001D4 /* Build configuration list for PBXProject "AccordionUI" */ = {
			isa = XCConfigurationList;
			buildConfigurations = (
				2CE07D592949FCE4009001D4 /* Debug */,
				2CE07D5A2949FCE4009001D4 /* Release */,
			);
			defaultConfigurationIsVisible = 0;
			defaultConfigurationName = Release;
		};
		2CE07D5B2949FCE4009001D4 /* Build configuration list for PBXNativeTarget "AccordionUI" */ = {
			isa = XCConfigurationList;
			buildConfigurations = (
				2CE07D5C2949FCE4009001D4 /* Debug */,
				2CE07D5D2949FCE4009001D4 /* Release */,
			);
			defaultConfigurationIsVisible = 0;
			defaultConfigurationName = Release;
		};
/* End XCConfigurationList section */
	};
	rootObject = 2CE07D3F2949FCE3009001D4 /* Project object */;
}
